
Microsoft Visual Studio Solution File, Format Version 12.00
# Visual Studio Version 17
VisualStudioVersion = 17.3.32901.215
MinimumVisualStudioVersion = 10.0.40219.1
Project("{FAE04EC0-301F-11D3-BF4B-00C04F79EFBC}") = "FakeSteam.API", "FakeSteam.API\FakeSteam.API.csproj", "{06D48699-CEAC-4256-98B9-4FE2EBE362CA}"
EndProject
Global
	GlobalSection(SolutionConfigurationPlatforms) = preSolution
		Debug|Any CPU = Debug|Any CPU
		Release|Any CPU = Release|Any CPU
	EndGlobalSection
	GlobalSection(ProjectConfigurationPlatforms) = postSolution
		{06D48699-CEAC-4256-98B9-4FE2EBE362CA}.Debug|Any CPU.ActiveCfg = Debug|Any CPU
		{06D48699-CEAC-4256-98B9-4FE2EBE362CA}.Debug|Any CPU.Build.0 = Debug|Any CPU
		{06D48699-CEAC-4256-98B9-4FE2EBE362CA}.Release|Any CPU.ActiveCfg = Release|Any CPU
		{06D48699-CEAC-4256-98B9-4FE2EBE362CA}.Release|Any CPU.Build.0 = Release|Any CPU
	EndGlobalSection
	GlobalSection(SolutionProperties) = preSolution
		HideSolutionNode = FALSE
	EndGlobalSection
	GlobalSection(ExtensibilityGlobals) = postSolution
		SolutionGuid = {A3DB4A53-4317-47F9-A8F8-87C1E0F33621}
	EndGlobalSection
EndGlobal
